
Microsoft Visual Studio Solution File, Format Version 12.00
# Visual Studio Version 17
VisualStudioVersion = 17.6.33801.468
MinimumVisualStudioVersion = 10.0.40219.1
Project("{9A19103F-16F7-4668-BE54-9A1E7A4F7556}") = "CursoAspNet", "CursoAspNet\CursoAspNet.csproj", "{B2962C5F-0C2E-4336-A8BC-DDD5F1EE929E}"
EndProject
Project("{2150E333-8FDC-42A3-9474-1A3956D46DE8}") = "Solution Items", "Solution Items", "{AD655A46-782A-4238-A813-575A8E4E8984}"
	ProjectSection(SolutionItems) = preProject
		.editorconfig = .editorconfig
	EndProjectSection
EndProject
Global
	GlobalSection(SolutionConfigurationPlatforms) = preSolution
		Debug|Any CPU = Debug|Any CPU
		Release|Any CPU = Release|Any CPU
	EndGlobalSection
	GlobalSection(ProjectConfigurationPlatforms) = postSolution
		{B2962C5F-0C2E-4336-A8BC-DDD5F1EE929E}.Debug|Any CPU.ActiveCfg = Debug|Any CPU
		{B2962C5F-0C2E-4336-A8BC-DDD5F1EE929E}.Debug|Any CPU.Build.0 = Debug|Any CPU
		{B2962C5F-0C2E-4336-A8BC-DDD5F1EE929E}.Release|Any CPU.ActiveCfg = Release|Any CPU
		{B2962C5F-0C2E-4336-A8BC-DDD5F1EE929E}.Release|Any CPU.Build.0 = Release|Any CPU
	EndGlobalSection
	GlobalSection(SolutionProperties) = preSolution
		HideSolutionNode = FALSE
	EndGlobalSection
	GlobalSection(ExtensibilityGlobals) = postSolution
		SolutionGuid = {37CB1712-E968-479B-BB09-61C9D04B8ACC}
	EndGlobalSection
EndGlobal
