
Microsoft Visual Studio Solution File, Format Version 12.00
# Visual Studio Version 17
VisualStudioVersion = 17.6.33801.468
MinimumVisualStudioVersion = 10.0.40219.1
Project("{FAE04EC0-301F-11D3-BF4B-00C04F79EFBC}") = "CursoAspNet", "CursoAspNet\CursoAspNet.csproj", "{B2962C5F-0C2E-4336-A8BC-DDD5F1EE929E}"
EndProject
Global
	GlobalSection(SolutionConfigurationPlatforms) = preSolution
		Debug|Any CPU = Debug|Any CPU
		Release|Any CPU = Release|Any CPU
	EndGlobalSection
	GlobalSection(ProjectConfigurationPlatforms) = postSolution
		{B2962C5F-0C2E-4336-A8BC-DDD5F1EE929E}.Debug|Any CPU.ActiveCfg = Debug|Any CPU
		{B2962C5F-0C2E-4336-A8BC-DDD5F1EE929E}.Debug|Any CPU.Build.0 = Debug|Any CPU
		{B2962C5F-0C2E-4336-A8BC-DDD5F1EE929E}.Release|Any CPU.ActiveCfg = Release|Any CPU
		{B2962C5F-0C2E-4336-A8BC-DDD5F1EE929E}.Release|Any CPU.Build.0 = Release|Any CPU
	EndGlobalSection
	GlobalSection(SolutionProperties) = preSolution
		HideSolutionNode = FALSE
	EndGlobalSection
	GlobalSection(ExtensibilityGlobals) = postSolution
		SolutionGuid = {37CB1712-E968-479B-BB09-61C9D04B8ACC}
	EndGlobalSection
EndGlobal
